{
  "version": 4,
  "terraform_version": "0.13.5",
  "serial": 442,
  "lineage": "42058216-6827-9505-dab1-0597db9a3ba1",
  "outputs": {
    "api_url": {
      "value": "https://9qbzsnaekh.execute-api.us-east-1.amazonaws.com/dev",
      "type": "string"
    },
    "lambda_createPayments_url": {
      "value": "arn:aws:apigateway:us-east-1:lambda:path/2015-03-31/functions/arn:aws:lambda:us-east-1:537782080257:function:lambda_createPayments/invocations",
      "type": "string"
    },
    "sqs_url": {
      "value": "https://sqs.us-east-1.amazonaws.com/537782080257/payment-create-queue",
      "type": "string"
    }
  },
  "resources": [
    {
      "mode": "data",
      "type": "archive_file",
      "name": "lambda_createPayments",
      "provider": "provider[\"registry.terraform.io/hashicorp/archive\"]",
      "instances": [
        {
          "schema_version": 0,
          "attributes": {
            "excludes": null,
            "id": "963865da186703aeac873a7e6dfee044c6adc3d8",
            "output_base64sha256": "FN5biyA58uxo0+T6/XcVwREVJUX5ozgDkEEY0p2uWLo=",
            "output_md5": "041ad9f90c691804c6ec89510c90f326",
            "output_path": "./lambdas/payments/create/main.js.zip",
            "output_sha": "963865da186703aeac873a7e6dfee044c6adc3d8",
            "output_size": 595,
            "source": [],
            "source_content": null,
            "source_content_filename": null,
            "source_dir": null,
            "source_file": "./lambdas/payments/create/main.js",
            "type": "zip"
          }
        }
      ]
    },
    {
      "mode": "data",
      "type": "archive_file",
      "name": "lambda_validateRequest",
      "provider": "provider[\"registry.terraform.io/hashicorp/archive\"]",
      "instances": [
        {
          "schema_version": 0,
          "attributes": {
            "excludes": null,
            "id": "c122ce12d6e07499f2c199422a3616c385491594",
            "output_base64sha256": "tQY53I/mGoOLEPy7dRcCl42PhtgYOitGJqWq+inihKw=",
            "output_md5": "dcf79c38de875b578c8224c44caaa41d",
            "output_path": "./lambdas/payments/validateRequest/main.js.zip",
            "output_sha": "c122ce12d6e07499f2c199422a3616c385491594",
            "output_size": 708,
            "source": [],
            "source_content": null,
            "source_content_filename": null,
            "source_dir": null,
            "source_file": "./lambdas/payments/validateRequest/main.js",
            "type": "zip"
          }
        }
      ]
    },
    {
      "mode": "data",
      "type": "archive_file",
      "name": "s3_createPayment",
      "provider": "provider[\"registry.terraform.io/hashicorp/archive\"]",
      "instances": [
        {
          "schema_version": 0,
          "attributes": {
            "excludes": null,
            "id": "963865da186703aeac873a7e6dfee044c6adc3d8",
            "output_base64sha256": "FN5biyA58uxo0+T6/XcVwREVJUX5ozgDkEEY0p2uWLo=",
            "output_md5": "041ad9f90c691804c6ec89510c90f326",
            "output_path": "./lambdas/payments/create/main.js.zip",
            "output_sha": "963865da186703aeac873a7e6dfee044c6adc3d8",
            "output_size": 595,
            "source": [],
            "source_content": null,
            "source_content_filename": null,
            "source_dir": null,
            "source_file": "./lambdas/payments/create/main.js",
            "type": "zip"
          }
        }
      ]
    },
    {
      "mode": "data",
      "type": "archive_file",
      "name": "s3_extractPayment",
      "provider": "provider[\"registry.terraform.io/hashicorp/archive\"]",
      "instances": [
        {
          "schema_version": 0,
          "attributes": {
            "excludes": null,
            "id": "87cc705de73bae4f2df05a4343ccea86cda32d67",
            "output_base64sha256": "tn46AVYi64UcOuNmm5qe3NDieh8KX0zeBtgdujcy1Nc=",
            "output_md5": "289c4a1282234bfefe287433c17ff10c",
            "output_path": "./lambdas/payments/extractPayment/main.js.zip",
            "output_sha": "87cc705de73bae4f2df05a4343ccea86cda32d67",
            "output_size": 293,
            "source": [],
            "source_content": null,
            "source_content_filename": null,
            "source_dir": null,
            "source_file": "./lambdas/payments/extractPayment/main.js",
            "type": "zip"
          }
        }
      ]
    },
    {
      "mode": "data",
      "type": "archive_file",
      "name": "s3_validateRequest",
      "provider": "provider[\"registry.terraform.io/hashicorp/archive\"]",
      "instances": [
        {
          "schema_version": 0,
          "attributes": {
            "excludes": null,
            "id": "c122ce12d6e07499f2c199422a3616c385491594",
            "output_base64sha256": "tQY53I/mGoOLEPy7dRcCl42PhtgYOitGJqWq+inihKw=",
            "output_md5": "dcf79c38de875b578c8224c44caaa41d",
            "output_path": "./lambdas/payments/validateRequest/main.js.zip",
            "output_sha": "c122ce12d6e07499f2c199422a3616c385491594",
            "output_size": 708,
            "source": [],
            "source_content": null,
            "source_content_filename": null,
            "source_dir": null,
            "source_file": "./lambdas/payments/validateRequest/main.js",
            "type": "zip"
          }
        }
      ]
    },
    {
      "mode": "data",
      "type": "aws_iam_policy_document",
      "name": "lambda_validateRequest",
      "provider": "provider[\"registry.terraform.io/hashicorp/aws\"]",
      "instances": [
        {
          "schema_version": 0,
          "attributes": {
            "id": "241975674",
            "json": "{\n  \"Version\": \"2012-10-17\",\n  \"Statement\": [\n    {\n      \"Sid\": \"AllowSNSPermissions\",\n      \"Effect\": \"Allow\",\n      \"Action\": \"SNS:*\",\n      \"Resource\": \"*\"\n    },\n    {\n      \"Sid\": \"AllowInvokingLambdas\",\n      \"Effect\": \"Allow\",\n      \"Action\": \"lambda:InvokeFunction\",\n      \"Resource\": \"arn:aws:lambda:*:*:function:*\"\n    }\n  ]\n}",
            "override_json": null,
            "policy_id": null,
            "source_json": null,
            "statement": [
              {
                "actions": [
                  "SNS:*"
                ],
                "condition": [],
                "effect": "Allow",
                "not_actions": [],
                "not_principals": [],
                "not_resources": [],
                "principals": [],
                "resources": [
                  "*"
                ],
                "sid": "AllowSNSPermissions"
              },
              {
                "actions": [
                  "lambda:InvokeFunction"
                ],
                "condition": [],
                "effect": "Allow",
                "not_actions": [],
                "not_principals": [],
                "not_resources": [],
                "principals": [],
                "resources": [
                  "arn:aws:lambda:*:*:function:*"
                ],
                "sid": "AllowInvokingLambdas"
              }
            ],
            "version": "2012-10-17"
          }
        }
      ]
    },
    {
      "mode": "managed",
      "type": "aws_api_gateway_deployment",
      "name": "apiDeployment",
      "provider": "provider[\"registry.terraform.io/hashicorp/aws\"]",
      "instances": [
        {
          "schema_version": 0,
          "attributes": {
            "created_date": "2020-11-08T16:45:27Z",
            "description": "",
            "execution_arn": "arn:aws:execute-api:us-east-1:537782080257:9qbzsnaekh/dev",
            "id": "fz0t11",
            "invoke_url": "https://9qbzsnaekh.execute-api.us-east-1.amazonaws.com/dev",
            "rest_api_id": "9qbzsnaekh",
            "stage_description": null,
            "stage_name": "dev",
            "triggers": null,
            "variables": null
          },
          "private": "bnVsbA==",
          "dependencies": [
            "aws_api_gateway_integration.apiIntegration",
            "aws_api_gateway_method.apiMethod",
            "aws_api_gateway_resource.resource",
            "aws_api_gateway_rest_api.api",
            "aws_lambda_function.lambda_validateRequest"
          ]
        }
      ]
    },
    {
      "mode": "managed",
      "type": "aws_api_gateway_integration",
      "name": "apiIntegration",
      "provider": "provider[\"registry.terraform.io/hashicorp/aws\"]",
      "instances": [
        {
          "schema_version": 0,
          "attributes": {
            "cache_key_parameters": [],
            "cache_namespace": "3x1h1d",
            "connection_id": "",
            "connection_type": "INTERNET",
            "content_handling": "",
            "credentials": "",
            "http_method": "ANY",
            "id": "agi-9qbzsnaekh-3x1h1d-ANY",
            "integration_http_method": "POST",
            "passthrough_behavior": "WHEN_NO_MATCH",
            "request_parameters": {},
            "request_templates": {},
            "resource_id": "3x1h1d",
            "rest_api_id": "9qbzsnaekh",
            "timeout_milliseconds": 29000,
            "type": "AWS_PROXY",
            "uri": "arn:aws:apigateway:us-east-1:lambda:path/2015-03-31/functions/arn:aws:lambda:us-east-1:537782080257:function:lambda_validateRequest/invocations"
          },
          "private": "bnVsbA==",
          "dependencies": [
            "aws_api_gateway_method.apiMethod",
            "aws_api_gateway_resource.resource",
            "aws_api_gateway_rest_api.api",
            "aws_lambda_function.lambda_validateRequest"
          ]
        }
      ]
    },
    {
      "mode": "managed",
      "type": "aws_api_gateway_method",
      "name": "apiMethod",
      "provider": "provider[\"registry.terraform.io/hashicorp/aws\"]",
      "instances": [
        {
          "schema_version": 0,
          "attributes": {
            "api_key_required": false,
            "authorization": "NONE",
            "authorization_scopes": [],
            "authorizer_id": "",
            "http_method": "ANY",
            "id": "agm-9qbzsnaekh-3x1h1d-ANY",
            "request_models": {},
            "request_parameters": {},
            "request_validator_id": "",
            "resource_id": "3x1h1d",
            "rest_api_id": "9qbzsnaekh"
          },
          "private": "bnVsbA==",
          "dependencies": [
            "aws_api_gateway_resource.resource",
            "aws_api_gateway_rest_api.api"
          ]
        }
      ]
    },
    {
      "mode": "managed",
      "type": "aws_api_gateway_resource",
      "name": "resource",
      "provider": "provider[\"registry.terraform.io/hashicorp/aws\"]",
      "instances": [
        {
          "schema_version": 0,
          "attributes": {
            "id": "3x1h1d",
            "parent_id": "amc89tizv7",
            "path": "/api",
            "path_part": "api",
            "rest_api_id": "9qbzsnaekh"
          },
          "private": "bnVsbA==",
          "dependencies": [
            "aws_api_gateway_rest_api.api"
          ]
        }
      ]
    },
    {
      "mode": "managed",
      "type": "aws_api_gateway_rest_api",
      "name": "api",
      "provider": "provider[\"registry.terraform.io/hashicorp/aws\"]",
      "instances": [
        {
          "schema_version": 0,
          "attributes": {
            "api_key_source": "HEADER",
            "arn": "arn:aws:apigateway:us-east-1::/restapis/9qbzsnaekh",
            "binary_media_types": [],
            "body": null,
            "created_date": "2020-11-08T16:45:22Z",
            "description": "",
            "endpoint_configuration": [
              {
                "types": [
                  "EDGE"
                ],
                "vpc_endpoint_ids": []
              }
            ],
            "execution_arn": "arn:aws:execute-api:us-east-1:537782080257:9qbzsnaekh",
            "id": "9qbzsnaekh",
            "minimum_compression_size": -1,
            "name": "Api-Payments",
            "policy": "",
            "root_resource_id": "amc89tizv7",
            "tags": {}
          },
          "private": "bnVsbA=="
        }
      ]
    },
    {
      "mode": "managed",
      "type": "aws_dynamodb_table",
      "name": "dynamo_table_payments",
      "provider": "provider[\"registry.terraform.io/hashicorp/aws\"]",
      "instances": [
        {
          "schema_version": 1,
          "attributes": {
            "arn": "arn:aws:dynamodb:us-east-1:537782080257:table/payments",
            "attribute": [
              {
                "name": "paymentId",
                "type": "S"
              }
            ],
            "billing_mode": "PROVISIONED",
            "global_secondary_index": [],
            "hash_key": "paymentId",
            "id": "payments",
            "local_secondary_index": [],
            "name": "payments",
            "point_in_time_recovery": [
              {
                "enabled": false
              }
            ],
            "range_key": null,
            "read_capacity": 5,
            "replica": [],
            "server_side_encryption": [],
            "stream_arn": "arn:aws:dynamodb:us-east-1:537782080257:table/payments/stream/2020-11-08T23:46:29.784",
            "stream_enabled": true,
            "stream_label": "2020-11-08T23:46:29.784",
            "stream_view_type": "NEW_AND_OLD_IMAGES",
            "tags": {
              "Environment": "dev",
              "name": "payments"
            },
            "timeouts": null,
            "ttl": [
              {
                "attribute_name": "",
                "enabled": false
              }
            ],
            "write_capacity": 5
          },
          "private": "eyJlMmJmYjczMC1lY2FhLTExZTYtOGY4OC0zNDM2M2JjN2M0YzAiOnsiY3JlYXRlIjo2MDAwMDAwMDAwMDAsImRlbGV0ZSI6NjAwMDAwMDAwMDAwLCJ1cGRhdGUiOjM2MDAwMDAwMDAwMDB9LCJzY2hlbWFfdmVyc2lvbiI6IjEifQ=="
        }
      ]
    },
    {
      "mode": "managed",
      "type": "aws_iam_policy",
      "name": "lambda_validateRequest",
      "provider": "provider[\"registry.terraform.io/hashicorp/aws\"]",
      "instances": [
        {
          "schema_version": 0,
          "attributes": {
            "arn": "arn:aws:iam::537782080257:policy/terraform-20201108160406673400000001",
            "description": "",
            "id": "arn:aws:iam::537782080257:policy/terraform-20201108160406673400000001",
            "name": "terraform-20201108160406673400000001",
            "name_prefix": null,
            "path": "/",
            "policy": "{\n  \"Version\": \"2012-10-17\",\n  \"Statement\": [\n    {\n      \"Sid\": \"AllowSNSPermissions\",\n      \"Effect\": \"Allow\",\n      \"Action\": \"SNS:*\",\n      \"Resource\": \"*\"\n    },\n    {\n      \"Sid\": \"AllowInvokingLambdas\",\n      \"Effect\": \"Allow\",\n      \"Action\": \"lambda:InvokeFunction\",\n      \"Resource\": \"arn:aws:lambda:*:*:function:*\"\n    }\n  ]\n}"
          },
          "private": "bnVsbA==",
          "dependencies": [
            "data.aws_iam_policy_document.lambda_validateRequest"
          ]
        }
      ]
    },
    {
      "mode": "managed",
      "type": "aws_iam_role",
      "name": "lambda_exec_role",
      "provider": "provider[\"registry.terraform.io/hashicorp/aws\"]",
      "instances": [
        {
          "schema_version": 0,
          "attributes": {
            "arn": "arn:aws:iam::537782080257:role/lambda_exec_role",
            "assume_role_policy": "{\"Version\":\"2012-10-17\",\"Statement\":[{\"Sid\":\"\",\"Effect\":\"Allow\",\"Principal\":{\"Service\":\"lambda.amazonaws.com\"},\"Action\":\"sts:AssumeRole\"}]}",
            "create_date": "2020-11-08T01:19:44Z",
            "description": "",
            "force_detach_policies": false,
            "id": "lambda_exec_role",
            "max_session_duration": 3600,
            "name": "lambda_exec_role",
            "name_prefix": null,
            "path": "/",
            "permissions_boundary": null,
            "tags": {},
            "unique_id": "AROAX2NSPKMA6GXGXBZOK"
          },
          "private": "bnVsbA=="
        }
      ]
    },
    {
      "mode": "managed",
      "type": "aws_iam_role",
      "name": "lambda_validateRequest",
      "provider": "provider[\"registry.terraform.io/hashicorp/aws\"]",
      "instances": [
        {
          "schema_version": 0,
          "attributes": {
            "arn": "arn:aws:iam::537782080257:role/terraform-20201108160406678700000002",
            "assume_role_policy": "{\"Version\":\"2012-10-17\",\"Statement\":[{\"Effect\":\"Allow\",\"Principal\":{\"Service\":\"lambda.amazonaws.com\"},\"Action\":\"sts:AssumeRole\"}]}",
            "create_date": "2020-11-08T16:04:07Z",
            "description": "",
            "force_detach_policies": false,
            "id": "terraform-20201108160406678700000002",
            "max_session_duration": 3600,
            "name": "terraform-20201108160406678700000002",
            "name_prefix": null,
            "path": "/",
            "permissions_boundary": null,
            "tags": {},
            "unique_id": "AROAX2NSPKMA2MQLWVP76"
          },
          "private": "bnVsbA=="
        }
      ]
    },
    {
      "mode": "managed",
      "type": "aws_iam_role_policy",
      "name": "lambda_role_dynamo_policy_role",
      "provider": "provider[\"registry.terraform.io/hashicorp/aws\"]",
      "instances": [
        {
          "schema_version": 0,
          "attributes": {
            "id": "lambda_exec_role:AllowDynamoPermissions",
            "name": "AllowDynamoPermissions",
            "name_prefix": null,
            "policy": "{\n  \"Version\": \"2012-10-17\",\n  \"Statement\": [\n    {\n      \"Action\": [\n        \"dynamodb:*\"\n      ],\n      \"Effect\": \"Allow\",\n      \"Resource\": \"*\"\n    }\n  ]\n}\n",
            "role": "lambda_exec_role"
          },
          "private": "bnVsbA==",
          "dependencies": [
            "aws_iam_role.lambda_exec_role"
          ]
        }
      ]
    },
    {
      "mode": "managed",
      "type": "aws_iam_role_policy",
      "name": "lambda_role_logs_policy",
      "provider": "provider[\"registry.terraform.io/hashicorp/aws\"]",
      "instances": [
        {
          "schema_version": 0,
          "attributes": {
            "id": "terraform-20201108160406678700000002:LambdaRolePolicy",
            "name": "LambdaRolePolicy",
            "name_prefix": null,
            "policy": "{\n  \"Version\": \"2012-10-17\",\n  \"Statement\": [\n    {\n      \"Action\": [\n        \"logs:CreateLogGroup\",\n        \"logs:CreateLogStream\",\n        \"logs:PutLogEvents\"\n      ],\n      \"Effect\": \"Allow\",\n      \"Resource\": \"*\"\n    }\n  ]\n}\n",
            "role": "terraform-20201108160406678700000002"
          },
          "private": "bnVsbA==",
          "dependencies": [
            "aws_iam_role.lambda_validateRequest"
          ]
        }
      ]
    },
    {
      "mode": "managed",
      "type": "aws_iam_role_policy",
      "name": "lambda_role_logs_policy_role",
      "provider": "provider[\"registry.terraform.io/hashicorp/aws\"]",
      "instances": [
        {
          "schema_version": 0,
          "attributes": {
            "id": "lambda_exec_role:LambdaRolePolicy",
            "name": "LambdaRolePolicy",
            "name_prefix": null,
            "policy": "{\n  \"Version\": \"2012-10-17\",\n  \"Statement\": [\n    {\n      \"Action\": [\n        \"logs:CreateLogGroup\",\n        \"logs:CreateLogStream\",\n        \"logs:PutLogEvents\"\n      ],\n      \"Effect\": \"Allow\",\n      \"Resource\": \"*\"\n    }\n  ]\n}\n",
            "role": "lambda_exec_role"
          },
          "private": "bnVsbA==",
          "dependencies": [
            "aws_iam_role.lambda_exec_role"
          ]
        }
      ]
    },
    {
      "mode": "managed",
      "type": "aws_iam_role_policy",
      "name": "lambda_role_sqs_policy",
      "provider": "provider[\"registry.terraform.io/hashicorp/aws\"]",
      "instances": [
        {
          "schema_version": 0,
          "attributes": {
            "id": "lambda_exec_role:AllowSQSPermissions",
            "name": "AllowSQSPermissions",
            "name_prefix": null,
            "policy": "{\n  \"Version\": \"2012-10-17\",\n  \"Statement\": [\n    {\n      \"Action\": [\n        \"sqs:ChangeMessageVisibility\",\n        \"sqs:DeleteMessage\",\n        \"sqs:GetQueueAttributes\",\n        \"sqs:ReceiveMessage\"\n      ],\n      \"Effect\": \"Allow\",\n      \"Resource\": \"*\"\n    }\n  ]\n}\n",
            "role": "lambda_exec_role"
          },
          "private": "bnVsbA==",
          "dependencies": [
            "aws_iam_role.lambda_exec_role"
          ]
        }
      ]
    },
    {
      "mode": "managed",
      "type": "aws_iam_role_policy_attachment",
      "name": "lambda_validateRequest",
      "provider": "provider[\"registry.terraform.io/hashicorp/aws\"]",
      "instances": [
        {
          "schema_version": 0,
          "attributes": {
            "id": "terraform-20201108160406678700000002-20201108160409430100000003",
            "policy_arn": "arn:aws:iam::537782080257:policy/terraform-20201108160406673400000001",
            "role": "terraform-20201108160406678700000002"
          },
          "private": "bnVsbA==",
          "dependencies": [
            "aws_iam_policy.lambda_validateRequest",
            "aws_iam_role.lambda_validateRequest",
            "data.aws_iam_policy_document.lambda_validateRequest"
          ]
        }
      ]
    },
    {
      "mode": "managed",
      "type": "aws_lambda_event_source_mapping",
      "name": "event_source_mapping",
      "provider": "provider[\"registry.terraform.io/hashicorp/aws\"]",
      "instances": [
        {
          "schema_version": 0,
          "attributes": {
            "batch_size": 5,
            "bisect_batch_on_function_error": false,
            "destination_config": [],
            "enabled": true,
            "event_source_arn": "arn:aws:sqs:us-east-1:537782080257:payment-create-queue",
            "function_arn": "arn:aws:lambda:us-east-1:537782080257:function:lambda_createPayments",
            "function_name": "arn:aws:lambda:us-east-1:537782080257:function:lambda_createPayments",
            "id": "541a9a43-5763-4e16-9655-ba3f41c9e5c6",
            "last_modified": "2020-11-08T23:39:58Z",
            "last_processing_result": "",
            "maximum_batching_window_in_seconds": 0,
            "maximum_record_age_in_seconds": 0,
            "maximum_retry_attempts": 0,
            "parallelization_factor": 0,
            "starting_position": null,
            "starting_position_timestamp": null,
            "state": "Enabled",
            "state_transition_reason": "USER_INITIATED",
            "uuid": "541a9a43-5763-4e16-9655-ba3f41c9e5c6"
          },
          "private": "bnVsbA==",
          "dependencies": [
            "aws_lambda_function.lambda_createPayments",
            "aws_sqs_queue.payment_create_queue"
          ]
        }
      ]
    },
    {
      "mode": "managed",
      "type": "aws_lambda_function",
      "name": "lambda_createPayments",
      "provider": "provider[\"registry.terraform.io/hashicorp/aws\"]",
      "instances": [
        {
          "schema_version": 0,
          "attributes": {
            "arn": "arn:aws:lambda:us-east-1:537782080257:function:lambda_createPayments",
            "dead_letter_config": [],
            "description": "",
            "environment": [
              {
                "variables": {
                  "DYNAMODB_TABLE": "payments"
                }
              }
            ],
            "file_system_config": [],
            "filename": "",
            "function_name": "lambda_createPayments",
            "handler": "main.handler",
            "id": "lambda_createPayments",
            "invoke_arn": "arn:aws:apigateway:us-east-1:lambda:path/2015-03-31/functions/arn:aws:lambda:us-east-1:537782080257:function:lambda_createPayments/invocations",
            "kms_key_arn": "",
            "last_modified": "2020-11-08T23:52:04.223+0000",
            "layers": [
              "arn:aws:lambda:us-east-1:537782080257:layer:lambda-layer:6"
            ],
            "memory_size": 128,
            "publish": false,
            "qualified_arn": "arn:aws:lambda:us-east-1:537782080257:function:lambda_createPayments:$LATEST",
            "reserved_concurrent_executions": -1,
            "role": "arn:aws:iam::537782080257:role/lambda_exec_role",
            "runtime": "nodejs12.x",
            "s3_bucket": "payments-serverless",
            "s3_key": "lambda_createPayments",
            "s3_object_version": null,
            "source_code_hash": "FN5biyA58uxo0+T6/XcVwREVJUX5ozgDkEEY0p2uWLo=",
            "source_code_size": 595,
            "tags": {},
            "timeout": 6,
            "timeouts": null,
            "tracing_config": [
              {
                "mode": "PassThrough"
              }
            ],
            "version": "$LATEST",
            "vpc_config": []
          },
          "private": "eyJlMmJmYjczMC1lY2FhLTExZTYtOGY4OC0zNDM2M2JjN2M0YzAiOnsiY3JlYXRlIjo2MDAwMDAwMDAwMDB9fQ==",
          "dependencies": [
            "aws_dynamodb_table.dynamo_table_payments",
            "aws_iam_role.lambda_exec_role",
            "aws_lambda_layer_version.lambda_layers",
            "data.archive_file.lambda_createPayments"
          ]
        }
      ]
    },
    {
      "mode": "managed",
      "type": "aws_lambda_function",
      "name": "lambda_validateRequest",
      "provider": "provider[\"registry.terraform.io/hashicorp/aws\"]",
      "instances": [
        {
          "schema_version": 0,
          "attributes": {
            "arn": "arn:aws:lambda:us-east-1:537782080257:function:lambda_validateRequest",
            "dead_letter_config": [],
            "description": "",
            "environment": [
              {
                "variables": {
                  "TOPIC_ARN": "arn:aws:sns:us-east-1:537782080257:payment-data-drop"
                }
              }
            ],
            "file_system_config": [],
            "filename": "",
            "function_name": "lambda_validateRequest",
            "handler": "main.handler",
            "id": "lambda_validateRequest",
            "invoke_arn": "arn:aws:apigateway:us-east-1:lambda:path/2015-03-31/functions/arn:aws:lambda:us-east-1:537782080257:function:lambda_validateRequest/invocations",
            "kms_key_arn": "",
            "last_modified": "2020-11-08T19:48:19.095+0000",
            "layers": [
              "arn:aws:lambda:us-east-1:537782080257:layer:lambda-layer:6"
            ],
            "memory_size": 128,
            "publish": false,
            "qualified_arn": "arn:aws:lambda:us-east-1:537782080257:function:lambda_validateRequest:$LATEST",
            "reserved_concurrent_executions": -1,
            "role": "arn:aws:iam::537782080257:role/terraform-20201108160406678700000002",
            "runtime": "nodejs12.x",
            "s3_bucket": "payments-serverless",
            "s3_key": "lambda_validateRequest",
            "s3_object_version": null,
            "source_code_hash": "tQY53I/mGoOLEPy7dRcCl42PhtgYOitGJqWq+inihKw=",
            "source_code_size": 708,
            "tags": {},
            "timeout": 6,
            "timeouts": null,
            "tracing_config": [
              {
                "mode": "PassThrough"
              }
            ],
            "version": "$LATEST",
            "vpc_config": []
          },
          "private": "eyJlMmJmYjczMC1lY2FhLTExZTYtOGY4OC0zNDM2M2JjN2M0YzAiOnsiY3JlYXRlIjo2MDAwMDAwMDAwMDB9fQ==",
          "dependencies": [
            "aws_iam_role.lambda_validateRequest",
            "aws_lambda_layer_version.lambda_layers",
            "aws_sns_topic.payment",
            "data.archive_file.lambda_validateRequest"
          ]
        }
      ]
    },
    {
      "mode": "managed",
      "type": "aws_lambda_layer_version",
      "name": "lambda_layers",
      "provider": "provider[\"registry.terraform.io/hashicorp/aws\"]",
      "instances": [
        {
          "schema_version": 0,
          "attributes": {
            "arn": "arn:aws:lambda:us-east-1:537782080257:layer:lambda-layer:6",
            "compatible_runtimes": [
              "nodejs12.x"
            ],
            "created_date": "2020-11-08T00:49:31.958+0000",
            "description": "joi: ^17.3.0, uuid: ^8.3.1",
            "filename": "./lambda-layers/nodejs/../payments_layer.zip",
            "id": "arn:aws:lambda:us-east-1:537782080257:layer:lambda-layer:6",
            "layer_arn": "arn:aws:lambda:us-east-1:537782080257:layer:lambda-layer",
            "layer_name": "lambda-layer",
            "license_info": "",
            "s3_bucket": null,
            "s3_key": null,
            "s3_object_version": null,
            "source_code_hash": "netb6mHQiqoHJ2C7B6G1WD2jcSJZYJOzAqUMGs48fu4=",
            "source_code_size": 259742,
            "version": "6"
          },
          "private": "bnVsbA==",
          "dependencies": [
            "null_resource.build_lambda_layers"
          ]
        }
      ]
    },
    {
      "mode": "managed",
      "type": "aws_lambda_permission",
      "name": "allows_sqs_to_trigger_lambda",
      "provider": "provider[\"registry.terraform.io/hashicorp/aws\"]",
      "instances": [
        {
          "schema_version": 0,
          "attributes": {
            "action": "lambda:InvokeFunction",
            "event_source_token": null,
            "function_name": "arn:aws:lambda:us-east-1:537782080257:function:lambda_createPayments",
            "id": "AllowExecutionFromSQS",
            "principal": "sqs.amazonaws.com",
            "qualifier": "",
            "source_account": null,
            "source_arn": "arn:aws:sqs:us-east-1:537782080257:payment-create-queue",
            "statement_id": "AllowExecutionFromSQS",
            "statement_id_prefix": null
          },
          "private": "bnVsbA==",
          "dependencies": [
            "aws_lambda_function.lambda_createPayments",
            "aws_sqs_queue.payment_create_queue"
          ]
        }
      ]
    },
    {
      "mode": "managed",
      "type": "aws_lambda_permission",
      "name": "apigw_lambda",
      "provider": "provider[\"registry.terraform.io/hashicorp/aws\"]",
      "instances": [
        {
          "schema_version": 0,
          "attributes": {
            "action": "lambda:InvokeFunction",
            "event_source_token": null,
            "function_name": "lambda_validateRequest",
            "id": "AllowExecutionFromAPIGateway",
            "principal": "apigateway.amazonaws.com",
            "qualifier": "",
            "source_account": null,
            "source_arn": "arn:aws:execute-api:us-east-1:537782080257:9qbzsnaekh/*/*",
            "statement_id": "AllowExecutionFromAPIGateway",
            "statement_id_prefix": null
          },
          "private": "bnVsbA==",
          "dependencies": [
            "aws_api_gateway_rest_api.api"
          ]
        }
      ]
    },
    {
      "mode": "managed",
      "type": "aws_s3_bucket",
      "name": "bucket",
      "provider": "provider[\"registry.terraform.io/hashicorp/aws\"]",
      "instances": [
        {
          "schema_version": 0,
          "attributes": {
            "acceleration_status": "",
            "acl": "private",
            "arn": "arn:aws:s3:::payments-serverless",
            "bucket": "payments-serverless",
            "bucket_domain_name": "payments-serverless.s3.amazonaws.com",
            "bucket_prefix": null,
            "bucket_regional_domain_name": "payments-serverless.s3.amazonaws.com",
            "cors_rule": [],
            "force_destroy": false,
            "grant": [],
            "hosted_zone_id": "Z3AQBSTGFYJSTF",
            "id": "payments-serverless",
            "lifecycle_rule": [],
            "logging": [],
            "object_lock_configuration": [],
            "policy": null,
            "region": "us-east-1",
            "replication_configuration": [],
            "request_payer": "BucketOwner",
            "server_side_encryption_configuration": [],
            "tags": {
              "Environment": "dev",
              "Name": "payments-serverless"
            },
            "versioning": [
              {
                "enabled": false,
                "mfa_delete": false
              }
            ],
            "website": [],
            "website_domain": null,
            "website_endpoint": null
          },
          "private": "bnVsbA=="
        }
      ]
    },
    {
      "mode": "managed",
      "type": "aws_s3_bucket_object",
      "name": "s3_createPayment",
      "provider": "provider[\"registry.terraform.io/hashicorp/aws\"]",
      "instances": [
        {
          "schema_version": 0,
          "attributes": {
            "acl": "private",
            "bucket": "payments-serverless",
            "cache_control": "",
            "content": null,
            "content_base64": null,
            "content_disposition": "",
            "content_encoding": "",
            "content_language": "",
            "content_type": "binary/octet-stream",
            "etag": "041ad9f90c691804c6ec89510c90f326",
            "force_destroy": false,
            "id": "lambda_createPayments",
            "key": "lambda_createPayments",
            "kms_key_id": null,
            "metadata": {},
            "object_lock_legal_hold_status": "",
            "object_lock_mode": "",
            "object_lock_retain_until_date": "",
            "server_side_encryption": "",
            "source": "./lambdas/payments/create/main.js.zip",
            "storage_class": "STANDARD",
            "tags": {},
            "version_id": "",
            "website_redirect": ""
          },
          "private": "bnVsbA==",
          "dependencies": [
            "data.archive_file.s3_createPayment"
          ]
        }
      ]
    },
    {
      "mode": "managed",
      "type": "aws_s3_bucket_object",
      "name": "s3_extractPayment",
      "provider": "provider[\"registry.terraform.io/hashicorp/aws\"]",
      "instances": [
        {
          "schema_version": 0,
          "attributes": {
            "acl": "private",
            "bucket": "payments-serverless",
            "cache_control": "",
            "content": null,
            "content_base64": null,
            "content_disposition": "",
            "content_encoding": "",
            "content_language": "",
            "content_type": "binary/octet-stream",
            "etag": "289c4a1282234bfefe287433c17ff10c",
            "force_destroy": false,
            "id": "lambda_extractPayment",
            "key": "lambda_extractPayment",
            "kms_key_id": null,
            "metadata": {},
            "object_lock_legal_hold_status": "",
            "object_lock_mode": "",
            "object_lock_retain_until_date": "",
            "server_side_encryption": "",
            "source": "./lambdas/payments/extractPayment/main.js.zip",
            "storage_class": "STANDARD",
            "tags": {},
            "version_id": "",
            "website_redirect": ""
          },
          "private": "bnVsbA==",
          "dependencies": [
            "data.archive_file.s3_extractPayment"
          ]
        }
      ]
    },
    {
      "mode": "managed",
      "type": "aws_s3_bucket_object",
      "name": "s3_validateRequest",
      "provider": "provider[\"registry.terraform.io/hashicorp/aws\"]",
      "instances": [
        {
          "schema_version": 0,
          "attributes": {
            "acl": "private",
            "bucket": "payments-serverless",
            "cache_control": "",
            "content": null,
            "content_base64": null,
            "content_disposition": "",
            "content_encoding": "",
            "content_language": "",
            "content_type": "binary/octet-stream",
            "etag": "dcf79c38de875b578c8224c44caaa41d",
            "force_destroy": false,
            "id": "lambda_validateRequest",
            "key": "lambda_validateRequest",
            "kms_key_id": null,
            "metadata": {},
            "object_lock_legal_hold_status": "",
            "object_lock_mode": "",
            "object_lock_retain_until_date": "",
            "server_side_encryption": "",
            "source": "./lambdas/payments/validateRequest/main.js.zip",
            "storage_class": "STANDARD",
            "tags": {},
            "version_id": "",
            "website_redirect": ""
          },
          "private": "bnVsbA==",
          "dependencies": [
            "data.archive_file.s3_validateRequest"
          ]
        }
      ]
    },
    {
      "mode": "managed",
      "type": "aws_sns_topic",
      "name": "payment",
      "provider": "provider[\"registry.terraform.io/hashicorp/aws\"]",
      "instances": [
        {
          "schema_version": 0,
          "attributes": {
            "application_failure_feedback_role_arn": "",
            "application_success_feedback_role_arn": "",
            "application_success_feedback_sample_rate": null,
            "arn": "arn:aws:sns:us-east-1:537782080257:payment-data-drop",
            "delivery_policy": "",
            "display_name": "Payment Data",
            "http_failure_feedback_role_arn": "",
            "http_success_feedback_role_arn": "",
            "http_success_feedback_sample_rate": null,
            "id": "arn:aws:sns:us-east-1:537782080257:payment-data-drop",
            "kms_master_key_id": "",
            "lambda_failure_feedback_role_arn": "",
            "lambda_success_feedback_role_arn": "",
            "lambda_success_feedback_sample_rate": null,
            "name": "payment-data-drop",
            "name_prefix": null,
            "policy": "{\"Version\":\"2008-10-17\",\"Id\":\"__default_policy_ID\",\"Statement\":[{\"Sid\":\"__default_statement_ID\",\"Effect\":\"Allow\",\"Principal\":{\"AWS\":\"*\"},\"Action\":[\"SNS:GetTopicAttributes\",\"SNS:SetTopicAttributes\",\"SNS:AddPermission\",\"SNS:RemovePermission\",\"SNS:DeleteTopic\",\"SNS:Subscribe\",\"SNS:ListSubscriptionsByTopic\",\"SNS:Publish\",\"SNS:Receive\"],\"Resource\":\"arn:aws:sns:us-east-1:537782080257:payment-data-drop\",\"Condition\":{\"StringEquals\":{\"AWS:SourceOwner\":\"537782080257\"}}}]}",
            "sqs_failure_feedback_role_arn": "",
            "sqs_success_feedback_role_arn": "",
            "sqs_success_feedback_sample_rate": null,
            "tags": {}
          },
          "private": "bnVsbA=="
        }
      ]
    },
    {
      "mode": "managed",
      "type": "aws_sns_topic_subscription",
      "name": "payment",
      "provider": "provider[\"registry.terraform.io/hashicorp/aws\"]",
      "instances": [
        {
          "schema_version": 0,
          "attributes": {
            "arn": "arn:aws:sns:us-east-1:537782080257:payment-data-drop:2c4523d4-deed-429c-b540-23d0cc872ca8",
            "confirmation_timeout_in_minutes": 1,
            "delivery_policy": "",
            "endpoint": "arn:aws:sqs:us-east-1:537782080257:payment-create-queue",
            "endpoint_auto_confirms": false,
            "filter_policy": "",
            "id": "arn:aws:sns:us-east-1:537782080257:payment-data-drop:2c4523d4-deed-429c-b540-23d0cc872ca8",
            "protocol": "sqs",
            "raw_message_delivery": false,
            "topic_arn": "arn:aws:sns:us-east-1:537782080257:payment-data-drop"
          },
          "private": "bnVsbA==",
          "dependencies": [
            "aws_sns_topic.payment",
            "aws_sqs_queue.payment_create_queue"
          ]
        }
      ]
    },
    {
      "mode": "managed",
      "type": "aws_sqs_queue",
      "name": "payment_create_queue",
      "provider": "provider[\"registry.terraform.io/hashicorp/aws\"]",
      "instances": [
        {
          "schema_version": 0,
          "attributes": {
            "arn": "arn:aws:sqs:us-east-1:537782080257:payment-create-queue",
            "content_based_deduplication": false,
            "delay_seconds": 1,
            "fifo_queue": false,
            "id": "https://sqs.us-east-1.amazonaws.com/537782080257/payment-create-queue",
            "kms_data_key_reuse_period_seconds": 300,
            "kms_master_key_id": "",
            "max_message_size": 2048,
            "message_retention_seconds": 345600,
            "name": "payment-create-queue",
            "name_prefix": null,
            "policy": "{\"Version\":\"2012-10-17\",\"Id\":\"sqspolicy\",\"Statement\":[{\"Sid\":\"First\",\"Effect\":\"Allow\",\"Principal\":\"*\",\"Action\":\"sqs:SendMessage\",\"Resource\":\"arn:aws:sqs:us-east-1:537782080257:payment-create-queue\",\"Condition\":{\"ArnEquals\":{\"aws:SourceArn\":\"arn:aws:sns:us-east-1:537782080257:payment-data-drop\"}}}]}",
            "receive_wait_time_seconds": 0,
            "redrive_policy": "",
            "tags": {
              "Environment": "dev"
            },
            "visibility_timeout_seconds": 30
          },
          "private": "bnVsbA=="
        }
      ]
    },
    {
      "mode": "managed",
      "type": "aws_sqs_queue_policy",
      "name": "results_updates_queue_policy",
      "provider": "provider[\"registry.terraform.io/hashicorp/aws\"]",
      "instances": [
        {
          "schema_version": 1,
          "attributes": {
            "id": "https://sqs.us-east-1.amazonaws.com/537782080257/payment-create-queue",
            "policy": "{\"Version\":\"2012-10-17\",\"Id\":\"sqspolicy\",\"Statement\":[{\"Sid\":\"First\",\"Effect\":\"Allow\",\"Principal\":\"*\",\"Action\":\"sqs:SendMessage\",\"Resource\":\"arn:aws:sqs:us-east-1:537782080257:payment-create-queue\",\"Condition\":{\"ArnEquals\":{\"aws:SourceArn\":\"arn:aws:sns:us-east-1:537782080257:payment-data-drop\"}}}]}",
            "queue_url": "https://sqs.us-east-1.amazonaws.com/537782080257/payment-create-queue"
          },
          "private": "eyJzY2hlbWFfdmVyc2lvbiI6IjEifQ==",
          "dependencies": [
            "aws_sns_topic.payment",
            "aws_sqs_queue.payment_create_queue"
          ]
        }
      ]
    },
    {
      "mode": "managed",
      "type": "null_resource",
      "name": "build_lambda_layers",
      "provider": "provider[\"registry.terraform.io/hashicorp/null\"]",
      "instances": [
        {
          "schema_version": 0,
          "attributes": {
            "id": "6041819238880950169",
            "triggers": {
              "layer_build": "826ecda9e3463613395975d88b645d6c"
            }
          },
          "private": "bnVsbA=="
        }
      ]
    }
  ]
}
